
Microsoft Visual Studio Solution File, Format Version 12.00
# Visual Studio Version 16
VisualStudioVersion = 16.0.30225.117
MinimumVisualStudioVersion = 10.0.40219.1
Project("{FAE04EC0-301F-11D3-BF4B-00C04F79EFBC}") = "FourthForm(Class Advanced)", "FourthForm(Class Advanced)\FourthForm(Class Advanced).csproj", "{AB3A18B8-435C-4046-97FF-821D25173B56}"
EndProject
Global
	GlobalSection(SolutionConfigurationPlatforms) = preSolution
		Debug|Any CPU = Debug|Any CPU
		Release|Any CPU = Release|Any CPU
	EndGlobalSection
	GlobalSection(ProjectConfigurationPlatforms) = postSolution
		{AB3A18B8-435C-4046-97FF-821D25173B56}.Debug|Any CPU.ActiveCfg = Debug|Any CPU
		{AB3A18B8-435C-4046-97FF-821D25173B56}.Debug|Any CPU.Build.0 = Debug|Any CPU
		{AB3A18B8-435C-4046-97FF-821D25173B56}.Release|Any CPU.ActiveCfg = Release|Any CPU
		{AB3A18B8-435C-4046-97FF-821D25173B56}.Release|Any CPU.Build.0 = Release|Any CPU
	EndGlobalSection
	GlobalSection(SolutionProperties) = preSolution
		HideSolutionNode = FALSE
	EndGlobalSection
	GlobalSection(ExtensibilityGlobals) = postSolution
		SolutionGuid = {6BB832A2-531B-41ED-A9AF-CD427D2A2D8B}
	EndGlobalSection
EndGlobal
