
Microsoft Visual Studio Solution File, Format Version 12.00
# Visual Studio Version 16
VisualStudioVersion = 16.0.30225.117
MinimumVisualStudioVersion = 10.0.40219.1
Project("{FAE04EC0-301F-11D3-BF4B-00C04F79EFBC}") = "Inheritance_Polymorphism", "Inheritance_Polymorphism\Inheritance_Polymorphism.csproj", "{37DE0217-F4E9-4D45-8E7A-48436663888C}"
EndProject
Global
	GlobalSection(SolutionConfigurationPlatforms) = preSolution
		Debug|Any CPU = Debug|Any CPU
		Release|Any CPU = Release|Any CPU
	EndGlobalSection
	GlobalSection(ProjectConfigurationPlatforms) = postSolution
		{37DE0217-F4E9-4D45-8E7A-48436663888C}.Debug|Any CPU.ActiveCfg = Debug|Any CPU
		{37DE0217-F4E9-4D45-8E7A-48436663888C}.Debug|Any CPU.Build.0 = Debug|Any CPU
		{37DE0217-F4E9-4D45-8E7A-48436663888C}.Release|Any CPU.ActiveCfg = Release|Any CPU
		{37DE0217-F4E9-4D45-8E7A-48436663888C}.Release|Any CPU.Build.0 = Release|Any CPU
	EndGlobalSection
	GlobalSection(SolutionProperties) = preSolution
		HideSolutionNode = FALSE
	EndGlobalSection
	GlobalSection(ExtensibilityGlobals) = postSolution
		SolutionGuid = {10A31233-5632-4CA4-BF2E-526128FEA0AC}
	EndGlobalSection
EndGlobal
