
Microsoft Visual Studio Solution File, Format Version 12.00
# Visual Studio Version 16
VisualStudioVersion = 16.0.30225.117
MinimumVisualStudioVersion = 10.0.40219.1
Project("{FAE04EC0-301F-11D3-BF4B-00C04F79EFBC}") = "Method", "Method\Method.csproj", "{866D6CDE-C992-487B-8C0C-43E5FF1FE80B}"
EndProject
Global
	GlobalSection(SolutionConfigurationPlatforms) = preSolution
		Debug|Any CPU = Debug|Any CPU
		Release|Any CPU = Release|Any CPU
	EndGlobalSection
	GlobalSection(ProjectConfigurationPlatforms) = postSolution
		{866D6CDE-C992-487B-8C0C-43E5FF1FE80B}.Debug|Any CPU.ActiveCfg = Debug|Any CPU
		{866D6CDE-C992-487B-8C0C-43E5FF1FE80B}.Debug|Any CPU.Build.0 = Debug|Any CPU
		{866D6CDE-C992-487B-8C0C-43E5FF1FE80B}.Release|Any CPU.ActiveCfg = Release|Any CPU
		{866D6CDE-C992-487B-8C0C-43E5FF1FE80B}.Release|Any CPU.Build.0 = Release|Any CPU
	EndGlobalSection
	GlobalSection(SolutionProperties) = preSolution
		HideSolutionNode = FALSE
	EndGlobalSection
	GlobalSection(ExtensibilityGlobals) = postSolution
		SolutionGuid = {34D016AD-852D-491D-8A56-6181838315AB}
	EndGlobalSection
EndGlobal
