
Microsoft Visual Studio Solution File, Format Version 12.00
# Visual Studio Version 16
VisualStudioVersion = 16.0.30225.117
MinimumVisualStudioVersion = 10.0.40219.1
Project("{FAE04EC0-301F-11D3-BF4B-00C04F79EFBC}") = "Linq", "Linq\Linq.csproj", "{C705C976-721E-46EB-BF7B-D970357826B9}"
EndProject
Global
	GlobalSection(SolutionConfigurationPlatforms) = preSolution
		Debug|Any CPU = Debug|Any CPU
		Release|Any CPU = Release|Any CPU
	EndGlobalSection
	GlobalSection(ProjectConfigurationPlatforms) = postSolution
		{C705C976-721E-46EB-BF7B-D970357826B9}.Debug|Any CPU.ActiveCfg = Debug|Any CPU
		{C705C976-721E-46EB-BF7B-D970357826B9}.Debug|Any CPU.Build.0 = Debug|Any CPU
		{C705C976-721E-46EB-BF7B-D970357826B9}.Release|Any CPU.ActiveCfg = Release|Any CPU
		{C705C976-721E-46EB-BF7B-D970357826B9}.Release|Any CPU.Build.0 = Release|Any CPU
	EndGlobalSection
	GlobalSection(SolutionProperties) = preSolution
		HideSolutionNode = FALSE
	EndGlobalSection
	GlobalSection(ExtensibilityGlobals) = postSolution
		SolutionGuid = {DA72D4A4-F7C8-44CD-B0A3-73E7B7925DCD}
	EndGlobalSection
EndGlobal
