
Microsoft Visual Studio Solution File, Format Version 12.00
# Visual Studio Version 16
VisualStudioVersion = 16.0.30225.117
MinimumVisualStudioVersion = 10.0.40219.1
Project("{FAE04EC0-301F-11D3-BF4B-00C04F79EFBC}") = "Firstprogram", "Firstprogram\Firstprogram.csproj", "{0BC64E62-83B4-4D9D-A5C1-FE9C675D56D1}"
EndProject
Global
	GlobalSection(SolutionConfigurationPlatforms) = preSolution
		Debug|Any CPU = Debug|Any CPU
		Release|Any CPU = Release|Any CPU
	EndGlobalSection
	GlobalSection(ProjectConfigurationPlatforms) = postSolution
		{0BC64E62-83B4-4D9D-A5C1-FE9C675D56D1}.Debug|Any CPU.ActiveCfg = Debug|Any CPU
		{0BC64E62-83B4-4D9D-A5C1-FE9C675D56D1}.Debug|Any CPU.Build.0 = Debug|Any CPU
		{0BC64E62-83B4-4D9D-A5C1-FE9C675D56D1}.Release|Any CPU.ActiveCfg = Release|Any CPU
		{0BC64E62-83B4-4D9D-A5C1-FE9C675D56D1}.Release|Any CPU.Build.0 = Release|Any CPU
	EndGlobalSection
	GlobalSection(SolutionProperties) = preSolution
		HideSolutionNode = FALSE
	EndGlobalSection
	GlobalSection(ExtensibilityGlobals) = postSolution
		SolutionGuid = {FA223EE6-17AF-4964-A7DF-2B33FB84CD4C}
	EndGlobalSection
EndGlobal
