
Microsoft Visual Studio Solution File, Format Version 12.00
# Visual Studio Version 16
VisualStudioVersion = 16.0.30225.117
MinimumVisualStudioVersion = 10.0.40219.1
Project("{FAE04EC0-301F-11D3-BF4B-00C04F79EFBC}") = "SixthForm(Exception Handling)", "SixthForm(Exception Handling)\SixthForm(Exception Handling).csproj", "{BB7C709B-B050-49A7-8F9B-A20D3F41ECCC}"
EndProject
Global
	GlobalSection(SolutionConfigurationPlatforms) = preSolution
		Debug|Any CPU = Debug|Any CPU
		Release|Any CPU = Release|Any CPU
	EndGlobalSection
	GlobalSection(ProjectConfigurationPlatforms) = postSolution
		{BB7C709B-B050-49A7-8F9B-A20D3F41ECCC}.Debug|Any CPU.ActiveCfg = Debug|Any CPU
		{BB7C709B-B050-49A7-8F9B-A20D3F41ECCC}.Debug|Any CPU.Build.0 = Debug|Any CPU
		{BB7C709B-B050-49A7-8F9B-A20D3F41ECCC}.Release|Any CPU.ActiveCfg = Release|Any CPU
		{BB7C709B-B050-49A7-8F9B-A20D3F41ECCC}.Release|Any CPU.Build.0 = Release|Any CPU
	EndGlobalSection
	GlobalSection(SolutionProperties) = preSolution
		HideSolutionNode = FALSE
	EndGlobalSection
	GlobalSection(ExtensibilityGlobals) = postSolution
		SolutionGuid = {240C36FD-DB3C-4F33-A038-80097235609E}
	EndGlobalSection
EndGlobal
